# This file is autogenerated, do not edit; changes may be undone by the next 'dep ensure'.


[[projects]]
  digest = "1:95ad6540d666a04207f244dd7a44b7132f2ab3fef0a33a6291e3eaa2ca53ee38"
  name = "github.com/gobuffalo/envy"
  packages = ["."]
  pruneopts = "UT"
  revision = "3dbe4c98c1c77e4a8fac053251c262a85e048f21"
  version = "v1.9.0"

[[projects]]
  digest = "1:ea1dc40f7a6757babdd1f43e57b8c4a3740c112bbfcb8185221838fde7733d2d"
  name = "github.com/gobuffalo/packd"
  packages = [
    ".",
    "internal/takeon/github.com/markbates/errx",
  ]
  pruneopts = "UT"
  revision = "128b5da43f114d0f9af8b4bba549b02e3496dfa8"
  version = "v1.0.0"

[[projects]]
  digest = "1:ce61c76c210c57cc5ace82479ec8763ef481c1bd23d54c5fe572d8dccf1911f1"
  name = "github.com/gobuffalo/packr"
  packages = ["."]
  pruneopts = "UT"
  revision = "c6a5045204dacffbe11d9f6c68485ae7e7fe3d19"
  version = "v2.8.0"

[[projects]]
  digest = "1:ecd9aa82687cf31d1585d4ac61d0ba180e42e8a6182b85bd785fcca8dfeefc1b"
  name = "github.com/joho/godotenv"
  packages = ["."]
  pruneopts = "UT"
  revision = "23d116af351c84513e1946b527c88823e476be13"
  version = "v1.3.0"

[[projects]]
  digest = "1:e09ada96a5a41deda4748b1659cc8953961799e798aea557257b56baee4ecaf3"
  name = "github.com/rogpeppe/go-internal"
  packages = [
    "modfile",
    "module",
    "semver",
  ]
  pruneopts = "UT"
  revision = "bc89b17ba21ce5b8a495fa55a94e3fe32ecf4ed8"
  version = "v1.5.2"

[[projects]]
  digest = "1:8831fb6cc883752232e020a56ba40d5538e6409623f94b0d6d4df4e0f7878fdf"
  name = "github.com/zserge/webview"
  packages = ["."]
  pruneopts = "UT"
  revision = "9c1b0a888aa40039d501c1ea9f60b22a076a25ea"
  version = "0.1.1"

[solve-meta]
  analyzer-name = "dep"
  analyzer-version = 1
  input-imports = [
    "github.com/gobuffalo/packr",
    "github.com/zserge/webview",
  ]
  solver-name = "gps-cdcl"
  solver-version = 1
